{
  "name": "E-commerce system",
  "lockfileVersion": 3,
  "requires": true,
  "packages": {
    "": {
      "dependencies": {
        "composer": "^4.1.0",
        "qr-code-styling": "^1.9.2"
      },
      "devDependencies": {
        "@tsconfig/node20": "^20.1.6",
        "@types/node": "^24.3.1",
        "@vue/tsconfig": "^0.8.1"
      }
    },
    "node_modules/@tsconfig/node20": {
      "version": "20.1.6",
      "resolved": "https://registry.npmjs.org/@tsconfig/node20/-/node20-20.1.6.tgz",
      "integrity": "sha512-sz+Hqx9zwZDpZIV871WSbUzSqNIsXzghZydypnfgzPKLltVJfkINfUeTct31n/tTSa9ZE1ZOfKdRre1uHHquYQ==",
      "dev": true,
      "license": "MIT"
    },
    "node_modules/@types/node": {
      "version": "24.3.1",
      "resolved": "https://registry.npmjs.org/@types/node/-/node-24.3.1.tgz",
      "integrity": "sha512-3vXmQDXy+woz+gnrTvuvNrPzekOi+Ds0ReMxw0LzBiK3a+1k0kQn9f2NWk+lgD4rJehFUmYy2gMhJ2ZI+7YP9g==",
      "dev": true,
      "license": "MIT",
      "dependencies": {
        "undici-types": "~7.10.0"
      }
    },
    "node_modules/@vue/tsconfig": {
      "version": "0.8.1",
      "resolved": "https://registry.npmjs.org/@vue/tsconfig/-/tsconfig-0.8.1.tgz",
      "integrity": "sha512-aK7feIWPXFSUhsCP9PFqPyFOcz4ENkb8hZ2pneL6m2UjCkccvaOhC/5KCKluuBufvp2KzkbdA2W2pk20vLzu3g==",
      "dev": true,
      "license": "MIT",
      "peerDependencies": {
        "typescript": "5.x",
        "vue": "^3.4.0"
      },
      "peerDependenciesMeta": {
        "typescript": {
          "optional": true
        },
        "vue": {
          "optional": true
        }
      }
    },
    "node_modules/composer": {
      "version": "4.1.0",
      "resolved": "https://registry.npmjs.org/composer/-/composer-4.1.0.tgz",
      "integrity": "sha512-qIIoNYjwFHrQFUdB8kD3pZs30+JeYK9149EpOYr/NVrii00KMO31IonzZMeRSU4qazyWZpEgVzkBmQ6VFWxedA==",
      "license": "MIT",
      "dependencies": {
        "pretty-time": "^1.1.0",
        "use": "^3.1.1"
      },
      "engines": {
        "node": ">=8"
      }
    },
    "node_modules/pretty-time": {
      "version": "1.1.0",
      "resolved": "https://registry.npmjs.org/pretty-time/-/pretty-time-1.1.0.tgz",
      "integrity": "sha512-28iF6xPQrP8Oa6uxE6a1biz+lWeTOAPKggvjB8HAs6nVMKZwf5bG++632Dx614hIWgUPkgivRfG+a8uAXGTIbA==",
      "license": "MIT",
      "engines": {
        "node": ">=4"
      }
    },
    "node_modules/qr-code-styling": {
      "version": "1.9.2",
      "resolved": "https://registry.npmjs.org/qr-code-styling/-/qr-code-styling-1.9.2.tgz",
      "integrity": "sha512-RgJaZJ1/RrXJ6N0j7a+pdw3zMBmzZU4VN2dtAZf8ZggCfRB5stEQ3IoDNGaNhYY3nnZKYlYSLl5YkfWN5dPutg==",
      "license": "MIT",
      "dependencies": {
        "qrcode-generator": "^1.4.4"
      },
      "engines": {
        "node": ">=18.18.0"
      }
    },
    "node_modules/qrcode-generator": {
      "version": "1.5.2",
      "resolved": "https://registry.npmjs.org/qrcode-generator/-/qrcode-generator-1.5.2.tgz",
      "integrity": "sha512-pItrW0Z9HnDBnFmgiNrY1uxRdri32Uh9EjNYLPVC2zZ3ZRIIEqBoDgm4DkvDwNNDHTK7FNkmr8zAa77BYc9xNw==",
      "license": "MIT"
    },
    "node_modules/undici-types": {
      "version": "7.10.0",
      "resolved": "https://registry.npmjs.org/undici-types/-/undici-types-7.10.0.tgz",
      "integrity": "sha512-t5Fy/nfn+14LuOc2KNYg75vZqClpAiqscVvMygNnlsHBFpSXdJaYtXMcdNLpl/Qvc3P2cB3s6lOV51nqsFq4ag==",
      "dev": true,
      "license": "MIT"
    },
    "node_modules/use": {
      "version": "3.1.1",
      "resolved": "https://registry.npmjs.org/use/-/use-3.1.1.tgz",
      "integrity": "sha512-cwESVXlO3url9YWlFW/TA9cshCEhtu7IKJ/p5soJ/gGpj7vbvFrAY/eIioQ6Dw23KjZhYgiIo8HOs1nQ2vr/oQ==",
      "license": "MIT",
      "engines": {
        "node": ">=0.10.0"
      }
    }
  }
}
